
Microsoft Visual Studio Solution File, Format Version 12.00
# Visual Studio 2013
VisualStudioVersion = 12.0.31101.0
MinimumVisualStudioVersion = 10.0.40219.1
Project("{FAE04EC0-301F-11D3-BF4B-00C04F79EFBC}") = "KlikAanKlikUitTest", "KlikAanKlikUitTest\KlikAanKlikUitTest.csproj", "{057A07E1-79E2-41CA-9BB2-FE8417EBA35B}"
EndProject
Project("{FAE04EC0-301F-11D3-BF4B-00C04F79EFBC}") = "Client", "Client\Client.csproj", "{35F64A73-3C10-47C5-854E-4406AAEC588D}"
EndProject
Project("{FAE04EC0-301F-11D3-BF4B-00C04F79EFBC}") = "KlikAanKlikUitRest", "KlikAanKlikUitRest\KlikAanKlikUitRest.csproj", "{E948935D-0F34-42C6-9384-1E7D1169671A}"
EndProject
Global
	GlobalSection(SolutionConfigurationPlatforms) = preSolution
		Debug|Any CPU = Debug|Any CPU
		Release|Any CPU = Release|Any CPU
	EndGlobalSection
	GlobalSection(ProjectConfigurationPlatforms) = postSolution
		{057A07E1-79E2-41CA-9BB2-FE8417EBA35B}.Debug|Any CPU.ActiveCfg = Debug|Any CPU
		{057A07E1-79E2-41CA-9BB2-FE8417EBA35B}.Debug|Any CPU.Build.0 = Debug|Any CPU
		{057A07E1-79E2-41CA-9BB2-FE8417EBA35B}.Release|Any CPU.ActiveCfg = Release|Any CPU
		{057A07E1-79E2-41CA-9BB2-FE8417EBA35B}.Release|Any CPU.Build.0 = Release|Any CPU
		{35F64A73-3C10-47C5-854E-4406AAEC588D}.Debug|Any CPU.ActiveCfg = Debug|Any CPU
		{35F64A73-3C10-47C5-854E-4406AAEC588D}.Debug|Any CPU.Build.0 = Debug|Any CPU
		{35F64A73-3C10-47C5-854E-4406AAEC588D}.Release|Any CPU.ActiveCfg = Release|Any CPU
		{35F64A73-3C10-47C5-854E-4406AAEC588D}.Release|Any CPU.Build.0 = Release|Any CPU
		{E948935D-0F34-42C6-9384-1E7D1169671A}.Debug|Any CPU.ActiveCfg = Debug|Any CPU
		{E948935D-0F34-42C6-9384-1E7D1169671A}.Debug|Any CPU.Build.0 = Debug|Any CPU
		{E948935D-0F34-42C6-9384-1E7D1169671A}.Release|Any CPU.ActiveCfg = Release|Any CPU
		{E948935D-0F34-42C6-9384-1E7D1169671A}.Release|Any CPU.Build.0 = Release|Any CPU
	EndGlobalSection
	GlobalSection(SolutionProperties) = preSolution
		HideSolutionNode = FALSE
	EndGlobalSection
EndGlobal
